// !$*UTF8*$!
{
	archiveVersion = 1;
	classes = {
	};
	objectVersion = 50;
	objects = {

/* Begin PBXBuildFile section */
		67852590252B57B800FD7856 /* AppDelegate.swift in Sources */ = {isa = PBXBuildFile; fileRef = 6785258F252B57B800FD7856 /* AppDelegate.swift */; };
		67852592252B57B800FD7856 /* SceneDelegate.swift in Sources */ = {isa = PBXBuildFile; fileRef = 67852591252B57B800FD7856 /* SceneDelegate.swift */; };
		67852594252B57B800FD7856 /* ViewController.swift in Sources */ = {isa = PBXBuildFile; fileRef = 67852593252B57B800FD7856 /* ViewController.swift */; };
		67852597252B57B800FD7856 /* Main.storyboard in Resources */ = {isa = PBXBuildFile; fileRef = 67852595252B57B800FD7856 /* Main.storyboard */; };
		67852599252B57BA00FD7856 /* Assets.xcassets in Resources */ = {isa = PBXBuildFile; fileRef = 67852598252B57BA00FD7856 /* Assets.xcassets */; };
		6785259C252B57BA00FD7856 /* LaunchScreen.storyboard in Resources */ = {isa = PBXBuildFile; fileRef = 6785259A252B57BA00FD7856 /* LaunchScreen.storyboard */; };
		678525A4252B622C00FD7856 /* MenuOneViewController.swift in Sources */ = {isa = PBXBuildFile; fileRef = 678525A3252B622C00FD7856 /* MenuOneViewController.swift */; };
		678525A6252B6ED700FD7856 /* MenuViewController.swift in Sources */ = {isa = PBXBuildFile; fileRef = 678525A5252B6ED700FD7856 /* MenuViewController.swift */; };
/* End PBXBuildFile section */

/* Begin PBXFileReference section */
		6785258C252B57B800FD7856 /* HambergerMenu.app */ = {isa = PBXFileReference; explicitFileType = wrapper.application; includeInIndex = 0; path = HambergerMenu.app; sourceTree = BUILT_PRODUCTS_DIR; };
		6785258F252B57B800FD7856 /* AppDelegate.swift */ = {isa = PBXFileReference; lastKnownFileType = sourcecode.swift; path = AppDelegate.swift; sourceTree = "<group>"; };
		67852591252B57B800FD7856 /* SceneDelegate.swift */ = {isa = PBXFileReference; lastKnownFileType = sourcecode.swift; path = SceneDelegate.swift; sourceTree = "<group>"; };
		67852593252B57B800FD7856 /* ViewController.swift */ = {isa = PBXFileReference; lastKnownFileType = sourcecode.swift; path = ViewController.swift; sourceTree = "<group>"; };
		67852596252B57B800FD7856 /* Base */ = {isa = PBXFileReference; lastKnownFileType = file.storyboard; name = Base; path = Base.lproj/Main.storyboard; sourceTree = "<group>"; };
		67852598252B57BA00FD7856 /* Assets.xcassets */ = {isa = PBXFileReference; lastKnownFileType = folder.assetcatalog; path = Assets.xcassets; sourceTree = "<group>"; };
		6785259B252B57BA00FD7856 /* Base */ = {isa = PBXFileReference; lastKnownFileType = file.storyboard; name = Base; path = Base.lproj/LaunchScreen.storyboard; sourceTree = "<group>"; };
		6785259D252B57BA00FD7856 /* Info.plist */ = {isa = PBXFileReference; lastKnownFileType = text.plist.xml; path = Info.plist; sourceTree = "<group>"; };
		678525A3252B622C00FD7856 /* MenuOneViewController.swift */ = {isa = PBXFileReference; lastKnownFileType = sourcecode.swift; path = MenuOneViewController.swift; sourceTree = "<group>"; };
		678525A5252B6ED700FD7856 /* MenuViewController.swift */ = {isa = PBXFileReference; lastKnownFileType = sourcecode.swift; path = MenuViewController.swift; sourceTree = "<group>"; };
/* End PBXFileReference section */

/* Begin PBXFrameworksBuildPhase section */
		67852589252B57B800FD7856 /* Frameworks */ = {
			isa = PBXFrameworksBuildPhase;
			buildActionMask = 2147483647;
			files = (
			);
			runOnlyForDeploymentPostprocessing = 0;
		};
/* End PBXFrameworksBuildPhase section */

/* Begin PBXGroup section */
		67852583252B57B800FD7856 = {
			isa = PBXGroup;
			children = (
				6785258E252B57B800FD7856 /* HambergerMenu */,
				6785258D252B57B800FD7856 /* Products */,
			);
			sourceTree = "<group>";
		};
		6785258D252B57B800FD7856 /* Products */ = {
			isa = PBXGroup;
			children = (
				6785258C252B57B800FD7856 /* HambergerMenu.app */,
			);
			name = Products;
			sourceTree = "<group>";
		};
		6785258E252B57B800FD7856 /* HambergerMenu */ = {
			isa = PBXGroup;
			children = (
				6785258F252B57B800FD7856 /* AppDelegate.swift */,
				67852591252B57B800FD7856 /* SceneDelegate.swift */,
				67852593252B57B800FD7856 /* ViewController.swift */,
				678525A5252B6ED700FD7856 /* MenuViewController.swift */,
				67852595252B57B800FD7856 /* Main.storyboard */,
				678525A3252B622C00FD7856 /* MenuOneViewController.swift */,
				67852598252B57BA00FD7856 /* Assets.xcassets */,
				6785259A252B57BA00FD7856 /* LaunchScreen.storyboard */,
				6785259D252B57BA00FD7856 /* Info.plist */,
			);
			path = HambergerMenu;
			sourceTree = "<group>";
		};
/* End PBXGroup section */

/* Begin PBXNativeTarget section */
		6785258B252B57B800FD7856 /* HambergerMenu */ = {
			isa = PBXNativeTarget;
			buildConfigurationList = 678525A0252B57BA00FD7856 /* Build configuration list for PBXNativeTarget "HambergerMenu" */;
			buildPhases = (
				67852588252B57B800FD7856 /* Sources */,
				67852589252B57B800FD7856 /* Frameworks */,
				6785258A252B57B800FD7856 /* Resources */,
			);
			buildRules = (
			);
			dependencies = (
			);
			name = HambergerMenu;
			productName = HambergerMenu;
			productReference = 6785258C252B57B800FD7856 /* HambergerMenu.app */;
			productType = "com.apple.product-type.application";
		};
/* End PBXNativeTarget section */

/* Begin PBXProject section */
		67852584252B57B800FD7856 /* Project object */ = {
			isa = PBXProject;
			attributes = {
				LastSwiftUpdateCheck = 1170;
				LastUpgradeCheck = 1170;
				ORGANIZATIONNAME = "Yeonu Yi";
				TargetAttributes = {
					6785258B252B57B800FD7856 = {
						CreatedOnToolsVersion = 11.7;
					};
				};
			};
			buildConfigurationList = 67852587252B57B800FD7856 /* Build configuration list for PBXProject "HambergerMenu" */;
			compatibilityVersion = "Xcode 9.3";
			developmentRegion = en;
			hasScannedForEncodings = 0;
			knownRegions = (
				en,
				Base,
			);
			mainGroup = 67852583252B57B800FD7856;
			productRefGroup = 6785258D252B57B800FD7856 /* Products */;
			projectDirPath = "";
			projectRoot = "";
			targets = (
				6785258B252B57B800FD7856 /* HambergerMenu */,
			);
		};
/* End PBXProject section */

/* Begin PBXResourcesBuildPhase section */
		6785258A252B57B800FD7856 /* Resources */ = {
			isa = PBXResourcesBuildPhase;
			buildActionMask = 2147483647;
			files = (
				6785259C252B57BA00FD7856 /* LaunchScreen.storyboard in Resources */,
				67852599252B57BA00FD7856 /* Assets.xcassets in Resources */,
				67852597252B57B800FD7856 /* Main.storyboard in Resources */,
			);
			runOnlyForDeploymentPostprocessing = 0;
		};
/* End PBXResourcesBuildPhase section */

/* Begin PBXSourcesBuildPhase section */
		67852588252B57B800FD7856 /* Sources */ = {
			isa = PBXSourcesBuildPhase;
			buildActionMask = 2147483647;
			files = (
				678525A4252B622C00FD7856 /* MenuOneViewController.swift in Sources */,
				678525A6252B6ED700FD7856 /* MenuViewController.swift in Sources */,
				67852594252B57B800FD7856 /* ViewController.swift in Sources */,
				67852590252B57B800FD7856 /* AppDelegate.swift in Sources */,
				67852592252B57B800FD7856 /* SceneDelegate.swift in Sources */,
			);
			runOnlyForDeploymentPostprocessing = 0;
		};
/* End PBXSourcesBuildPhase section */

/* Begin PBXVariantGroup section */
		67852595252B57B800FD7856 /* Main.storyboard */ = {
			isa = PBXVariantGroup;
			children = (
				67852596252B57B800FD7856 /* Base */,
			);
			name = Main.storyboard;
			sourceTree = "<group>";
		};
		6785259A252B57BA00FD7856 /* LaunchScreen.storyboard */ = {
			isa = PBXVariantGroup;
			children = (
				6785259B252B57BA00FD7856 /* Base */,
			);
			name = LaunchScreen.storyboard;
			sourceTree = "<group>";
		};
/* End PBXVariantGroup section */

/* Begin XCBuildConfiguration section */
		6785259E252B57BA00FD7856 /* Debug */ = {
			isa = XCBuildConfiguration;
			buildSettings = {
				ALWAYS_SEARCH_USER_PATHS = NO;
				CLANG_ANALYZER_NONNULL = YES;
				CLANG_ANALYZER_NUMBER_OBJECT_CONVERSION = YES_AGGRESSIVE;
				CLANG_CXX_LANGUAGE_STANDARD = "gnu++14";
				CLANG_CXX_LIBRARY = "libc++";
				CLANG_ENABLE_MODULES = YES;
				CLANG_ENABLE_OBJC_ARC = YES;
				CLANG_ENABLE_OBJC_WEAK = YES;
				CLANG_WARN_BLOCK_CAPTURE_AUTORELEASING = YES;
				CLANG_WARN_BOOL_CONVERSION = YES;
				CLANG_WARN_COMMA = YES;
				CLANG_WARN_CONSTANT_CONVERSION = YES;
				CLANG_WARN_DEPRECATED_OBJC_IMPLEMENTATIONS = YES;
				CLANG_WARN_DIRECT_OBJC_ISA_USAGE = YES_ERROR;
				CLANG_WARN_DOCUMENTATION_COMMENTS = YES;
				CLANG_WARN_EMPTY_BODY = YES;
				CLANG_WARN_ENUM_CONVERSION = YES;
				CLANG_WARN_INFINITE_RECURSION = YES;
				CLANG_WARN_INT_CONVERSION = YES;
				CLANG_WARN_NON_LITERAL_NULL_CONVERSION = YES;
				CLANG_WARN_OBJC_IMPLICIT_RETAIN_SELF = YES;
				CLANG_WARN_OBJC_LITERAL_CONVERSION = YES;
				CLANG_WARN_OBJC_ROOT_CLASS = YES_ERROR;
				CLANG_WARN_RANGE_LOOP_ANALYSIS = YES;
				CLANG_WARN_STRICT_PROTOTYPES = YES;
				CLANG_WARN_SUSPICIOUS_MOVE = YES;
				CLANG_WARN_UNGUARDED_AVAILABILITY = YES_AGGRESSIVE;
				CLANG_WARN_UNREACHABLE_CODE = YES;
				CLANG_WARN__DUPLICATE_METHOD_MATCH = YES;
				COPY_PHASE_STRIP = NO;
				DEBUG_INFORMATION_FORMAT = dwarf;
				ENABLE_STRICT_OBJC_MSGSEND = YES;
				ENABLE_TESTABILITY = YES;
				GCC_C_LANGUAGE_STANDARD = gnu11;
				GCC_DYNAMIC_NO_PIC = NO;
				GCC_NO_COMMON_BLOCKS = YES;
				GCC_OPTIMIZATION_LEVEL = 0;
				GCC_PREPROCESSOR_DEFINITIONS = (
					"DEBUG=1",
					"$(inherited)",
				);
				GCC_WARN_64_TO_32_BIT_CONVERSION = YES;
				GCC_WARN_ABOUT_RETURN_TYPE = YES_ERROR;
				GCC_WARN_UNDECLARED_SELECTOR = YES;
				GCC_WARN_UNINITIALIZED_AUTOS = YES_AGGRESSIVE;
				GCC_WARN_UNUSED_FUNCTION = YES;
				GCC_WARN_UNUSED_VARIABLE = YES;
				IPHONEOS_DEPLOYMENT_TARGET = 13.7;
				MTL_ENABLE_DEBUG_INFO = INCLUDE_SOURCE;
				MTL_FAST_MATH = YES;
				ONLY_ACTIVE_ARCH = YES;
				SDKROOT = iphoneos;
				SWIFT_ACTIVE_COMPILATION_CONDITIONS = DEBUG;
				SWIFT_OPTIMIZATION_LEVEL = "-Onone";
			};
			name = Debug;
		};
		6785259F252B57BA00FD7856 /* Release */ = {
			isa = XCBuildConfiguration;
			buildSettings = {
				ALWAYS_SEARCH_USER_PATHS = NO;
				CLANG_ANALYZER_NONNULL = YES;
				CLANG_ANALYZER_NUMBER_OBJECT_CONVERSION = YES_AGGRESSIVE;
				CLANG_CXX_LANGUAGE_STANDARD = "gnu++14";
				CLANG_CXX_LIBRARY = "libc++";
				CLANG_ENABLE_MODULES = YES;
				CLANG_ENABLE_OBJC_ARC = YES;
				CLANG_ENABLE_OBJC_WEAK = YES;
				CLANG_WARN_BLOCK_CAPTURE_AUTORELEASING = YES;
				CLANG_WARN_BOOL_CONVERSION = YES;
				CLANG_WARN_COMMA = YES;
				CLANG_WARN_CONSTANT_CONVERSION = YES;
				CLANG_WARN_DEPRECATED_OBJC_IMPLEMENTATIONS = YES;
				CLANG_WARN_DIRECT_OBJC_ISA_USAGE = YES_ERROR;
				CLANG_WARN_DOCUMENTATION_COMMENTS = YES;
				CLANG_WARN_EMPTY_BODY = YES;
				CLANG_WARN_ENUM_CONVERSION = YES;
				CLANG_WARN_INFINITE_RECURSION = YES;
				CLANG_WARN_INT_CONVERSION = YES;
				CLANG_WARN_NON_LITERAL_NULL_CONVERSION = YES;
				CLANG_WARN_OBJC_IMPLICIT_RETAIN_SELF = YES;
				CLANG_WARN_OBJC_LITERAL_CONVERSION = YES;
				CLANG_WARN_OBJC_ROOT_CLASS = YES_ERROR;
				CLANG_WARN_RANGE_LOOP_ANALYSIS = YES;
				CLANG_WARN_STRICT_PROTOTYPES = YES;
				CLANG_WARN_SUSPICIOUS_MOVE = YES;
				CLANG_WARN_UNGUARDED_AVAILABILITY = YES_AGGRESSIVE;
				CLANG_WARN_UNREACHABLE_CODE = YES;
				CLANG_WARN__DUPLICATE_METHOD_MATCH = YES;
				COPY_PHASE_STRIP = NO;
				DEBUG_INFORMATION_FORMAT = "dwarf-with-dsym";
				ENABLE_NS_ASSERTIONS = NO;
				ENABLE_STRICT_OBJC_MSGSEND = YES;
				GCC_C_LANGUAGE_STANDARD = gnu11;
				GCC_NO_COMMON_BLOCKS = YES;
				GCC_WARN_64_TO_32_BIT_CONVERSION = YES;
				GCC_WARN_ABOUT_RETURN_TYPE = YES_ERROR;
				GCC_WARN_UNDECLARED_SELECTOR = YES;
				GCC_WARN_UNINITIALIZED_AUTOS = YES_AGGRESSIVE;
				GCC_WARN_UNUSED_FUNCTION = YES;
				GCC_WARN_UNUSED_VARIABLE = YES;
				IPHONEOS_DEPLOYMENT_TARGET = 13.7;
				MTL_ENABLE_DEBUG_INFO = NO;
				MTL_FAST_MATH = YES;
				SDKROOT = iphoneos;
				SWIFT_COMPILATION_MODE = wholemodule;
				SWIFT_OPTIMIZATION_LEVEL = "-O";
				VALIDATE_PRODUCT = YES;
			};
			name = Release;
		};
		678525A1252B57BA00FD7856 /* Debug */ = {
			isa = XCBuildConfiguration;
			buildSettings = {
				ASSETCATALOG_COMPILER_APPICON_NAME = AppIcon;
				CODE_SIGN_STYLE = Automatic;
				DEVELOPMENT_TEAM = Q5KTC35CSK;
				INFOPLIST_FILE = HambergerMenu/Info.plist;
				LD_RUNPATH_SEARCH_PATHS = (
					"$(inherited)",
					"@executable_path/Frameworks",
				);
				PRODUCT_BUNDLE_IDENTIFIER = com.yeonuyi.HambergerMenu;
				PRODUCT_NAME = "$(TARGET_NAME)";
				SWIFT_VERSION = 5.0;
				TARGETED_DEVICE_FAMILY = "1,2";
			};
			name = Debug;
		};
		678525A2252B57BA00FD7856 /* Release */ = {
			isa = XCBuildConfiguration;
			buildSettings = {
				ASSETCATALOG_COMPILER_APPICON_NAME = AppIcon;
				CODE_SIGN_STYLE = Automatic;
				DEVELOPMENT_TEAM = Q5KTC35CSK;
				INFOPLIST_FILE = HambergerMenu/Info.plist;
				LD_RUNPATH_SEARCH_PATHS = (
					"$(inherited)",
					"@executable_path/Frameworks",
				);
				PRODUCT_BUNDLE_IDENTIFIER = com.yeonuyi.HambergerMenu;
				PRODUCT_NAME = "$(TARGET_NAME)";
				SWIFT_VERSION = 5.0;
				TARGETED_DEVICE_FAMILY = "1,2";
			};
			name = Release;
		};
/* End XCBuildConfiguration section */

/* Begin XCConfigurationList section */
		67852587252B57B800FD7856 /* Build configuration list for PBXProject "HambergerMenu" */ = {
			isa = XCConfigurationList;
			buildConfigurations = (
				6785259E252B57BA00FD7856 /* Debug */,
				6785259F252B57BA00FD7856 /* Release */,
			);
			defaultConfigurationIsVisible = 0;
			defaultConfigurationName = Release;
		};
		678525A0252B57BA00FD7856 /* Build configuration list for PBXNativeTarget "HambergerMenu" */ = {
			isa = XCConfigurationList;
			buildConfigurations = (
				678525A1252B57BA00FD7856 /* Debug */,
				678525A2252B57BA00FD7856 /* Release */,
			);
			defaultConfigurationIsVisible = 0;
			defaultConfigurationName = Release;
		};
/* End XCConfigurationList section */
	};
	rootObject = 67852584252B57B800FD7856 /* Project object */;
}
